
Microsoft Visual Studio Solution File, Format Version 12.00
# Visual Studio Version 17
VisualStudioVersion = 17.1.32210.238
MinimumVisualStudioVersion = 10.0.40219.1
Project("{FAE04EC0-301F-11D3-BF4B-00C04F79EFBC}") = "qei", "qei\qei.csproj", "{D721757E-9C7F-4DC7-938C-00946E3B49C0}"
EndProject
Global
	GlobalSection(SolutionConfigurationPlatforms) = preSolution
		Debug|Any CPU = Debug|Any CPU
		Release|Any CPU = Release|Any CPU
	EndGlobalSection
	GlobalSection(ProjectConfigurationPlatforms) = postSolution
		{D721757E-9C7F-4DC7-938C-00946E3B49C0}.Debug|Any CPU.ActiveCfg = Debug|Any CPU
		{D721757E-9C7F-4DC7-938C-00946E3B49C0}.Debug|Any CPU.Build.0 = Debug|Any CPU
		{D721757E-9C7F-4DC7-938C-00946E3B49C0}.Release|Any CPU.ActiveCfg = Release|Any CPU
		{D721757E-9C7F-4DC7-938C-00946E3B49C0}.Release|Any CPU.Build.0 = Release|Any CPU
	EndGlobalSection
	GlobalSection(SolutionProperties) = preSolution
		HideSolutionNode = FALSE
	EndGlobalSection
	GlobalSection(ExtensibilityGlobals) = postSolution
		SolutionGuid = {10997B50-0019-4D63-8D82-0615EF0DAB40}
	EndGlobalSection
EndGlobal
